
Microsoft Visual Studio Solution File, Format Version 12.00
# Visual Studio Version 17
VisualStudioVersion = 17.5.002.0
MinimumVisualStudioVersion = 10.0.40219.1
Project("{9A19103F-16F7-4668-BE54-9A1E7A4F7556}") = "BlogApp", "BlogApp.csproj", "{F6F822BB-21AF-4D8A-B9C0-728807912940}"
EndProject
Global
	GlobalSection(SolutionConfigurationPlatforms) = preSolution
		Debug|Any CPU = Debug|Any CPU
		Release|Any CPU = Release|Any CPU
	EndGlobalSection
	GlobalSection(ProjectConfigurationPlatforms) = postSolution
		{F6F822BB-21AF-4D8A-B9C0-728807912940}.Debug|Any CPU.ActiveCfg = Debug|Any CPU
		{F6F822BB-21AF-4D8A-B9C0-728807912940}.Debug|Any CPU.Build.0 = Debug|Any CPU
		{F6F822BB-21AF-4D8A-B9C0-728807912940}.Release|Any CPU.ActiveCfg = Release|Any CPU
		{F6F822BB-21AF-4D8A-B9C0-728807912940}.Release|Any CPU.Build.0 = Release|Any CPU
	EndGlobalSection
	GlobalSection(SolutionProperties) = preSolution
		HideSolutionNode = FALSE
	EndGlobalSection
	GlobalSection(ExtensibilityGlobals) = postSolution
		SolutionGuid = {0D002CB4-2305-40A5-9A8C-354A7947A576}
	EndGlobalSection
EndGlobal
